
Microsoft Visual Studio Solution File, Format Version 12.00
# Visual Studio Version 17
VisualStudioVersion = 17.5.002.0
MinimumVisualStudioVersion = 10.0.40219.1
Project("{9A19103F-16F7-4668-BE54-9A1E7A4F7556}") = "apiPrueba1", "apiPrueba1.csproj", "{F4FA325E-2D33-47AD-A94D-FB3AF5936F57}"
EndProject
Global
	GlobalSection(SolutionConfigurationPlatforms) = preSolution
		Debug|Any CPU = Debug|Any CPU
		Release|Any CPU = Release|Any CPU
	EndGlobalSection
	GlobalSection(ProjectConfigurationPlatforms) = postSolution
		{F4FA325E-2D33-47AD-A94D-FB3AF5936F57}.Debug|Any CPU.ActiveCfg = Debug|Any CPU
		{F4FA325E-2D33-47AD-A94D-FB3AF5936F57}.Debug|Any CPU.Build.0 = Debug|Any CPU
		{F4FA325E-2D33-47AD-A94D-FB3AF5936F57}.Release|Any CPU.ActiveCfg = Release|Any CPU
		{F4FA325E-2D33-47AD-A94D-FB3AF5936F57}.Release|Any CPU.Build.0 = Release|Any CPU
	EndGlobalSection
	GlobalSection(SolutionProperties) = preSolution
		HideSolutionNode = FALSE
	EndGlobalSection
	GlobalSection(ExtensibilityGlobals) = postSolution
		SolutionGuid = {8DC0902D-48E8-43CE-92FC-FA1F90C95EEC}
	EndGlobalSection
EndGlobal
